# This file is automatically @generated by Cargo.
# It is not intended for manual editing.
version = 3

[[package]]
name = "lab4"
version = "0.1.0"
dependencies = [
 "unicode_reader",
 "utf8-read",
]

[[package]]
name = "smallvec"
version = "1.13.1"
source = "registry+https://github.com/rust-lang/crates.io-index"
checksum = "e6ecd384b10a64542d77071bd64bd7b231f4ed5940fba55e98c3de13824cf3d7"

[[package]]
name = "unicode-segmentation"
version = "1.11.0"
source = "registry+https://github.com/rust-lang/crates.io-index"
checksum = "d4c87d22b6e3f4a18d4d40ef354e97c90fcb14dd91d7dc0aa9d8a1172ebf7202"

[[package]]
name = "unicode_reader"
version = "1.0.2"
source = "registry+https://github.com/rust-lang/crates.io-index"
checksum = "d68d43b506d20b459657e0f0fe3bf0fdbac65b61cbcc2bff842fc6614a8dc179"
dependencies = [
 "smallvec",
 "unicode-segmentation",
]

[[package]]
name = "utf8-read"
version = "0.4.0"
source = "registry+https://github.com/rust-lang/crates.io-index"
checksum = "fb566ac06e11c3f13872ebcb0e72ea5f97f0f65a16f45048d0adea21edc28018"
